// !$*UTF8*$!
{
	archiveVersion = 1;
	classes = {
	};
	objectVersion = 56;
	objects = {

/* Begin PBXBuildFile section */
		A20526102AE9869800591FF4 /* UniversityListTableCell.swift in Sources */ = {isa = PBXBuildFile; fileRef = A205260F2AE9869800591FF4 /* UniversityListTableCell.swift */; };
		A20526262AE9CC7200591FF4 /* DepartmentsListTableCell.swift in Sources */ = {isa = PBXBuildFile; fileRef = A20526252AE9CC7200591FF4 /* DepartmentsListTableCell.swift */; };
		A20526282AE9CC9B00591FF4 /* ProfessorsListTableCell.swift in Sources */ = {isa = PBXBuildFile; fileRef = A20526272AE9CC9B00591FF4 /* ProfessorsListTableCell.swift */; };
		A205262A2AE9CCD200591FF4 /* CoursesListTableCell.swift in Sources */ = {isa = PBXBuildFile; fileRef = A20526292AE9CCD200591FF4 /* CoursesListTableCell.swift */; };
		A205262C2AE9CD3600591FF4 /* StudentsListTableCell.swift in Sources */ = {isa = PBXBuildFile; fileRef = A205262B2AE9CD3600591FF4 /* StudentsListTableCell.swift */; };
		A20989E12AE6A58500FD7C2A /* AppDelegate.swift in Sources */ = {isa = PBXBuildFile; fileRef = A20989E02AE6A58500FD7C2A /* AppDelegate.swift */; };
		A20989E32AE6A58500FD7C2A /* SceneDelegate.swift in Sources */ = {isa = PBXBuildFile; fileRef = A20989E22AE6A58500FD7C2A /* SceneDelegate.swift */; };
		A20989E52AE6A58500FD7C2A /* UniversityVC.swift in Sources */ = {isa = PBXBuildFile; fileRef = A20989E42AE6A58500FD7C2A /* UniversityVC.swift */; };
		A20989E82AE6A58500FD7C2A /* Main.storyboard in Resources */ = {isa = PBXBuildFile; fileRef = A20989E62AE6A58500FD7C2A /* Main.storyboard */; };
		A20989EB2AE6A58500FD7C2A /* Academia.xcdatamodeld in Sources */ = {isa = PBXBuildFile; fileRef = A20989E92AE6A58500FD7C2A /* Academia.xcdatamodeld */; };
		A20989ED2AE6A58700FD7C2A /* Assets.xcassets in Resources */ = {isa = PBXBuildFile; fileRef = A20989EC2AE6A58700FD7C2A /* Assets.xcassets */; };
		A20989F02AE6A58700FD7C2A /* LaunchScreen.storyboard in Resources */ = {isa = PBXBuildFile; fileRef = A20989EE2AE6A58700FD7C2A /* LaunchScreen.storyboard */; };
		A20989FD2AE6A9AE00FD7C2A /* DepartmentsVC.swift in Sources */ = {isa = PBXBuildFile; fileRef = A20989FC2AE6A9AE00FD7C2A /* DepartmentsVC.swift */; };
		A20989FF2AE6A9DB00FD7C2A /* ProfessorsVC.swift in Sources */ = {isa = PBXBuildFile; fileRef = A20989FE2AE6A9DB00FD7C2A /* ProfessorsVC.swift */; };
		A2098A012AE6AA2400FD7C2A /* CoursesVC.swift in Sources */ = {isa = PBXBuildFile; fileRef = A2098A002AE6AA2400FD7C2A /* CoursesVC.swift */; };
		A2098A032AE6AA5800FD7C2A /* StudentsVC.swift in Sources */ = {isa = PBXBuildFile; fileRef = A2098A022AE6AA5800FD7C2A /* StudentsVC.swift */; };
		A2098A062AE6AEC300FD7C2A /* UniversityListTableVC.swift in Sources */ = {isa = PBXBuildFile; fileRef = A2098A052AE6AEC300FD7C2A /* UniversityListTableVC.swift */; };
		A2145F6B2AEC6CEB00BB9AE3 /* EditProfessorVC.swift in Sources */ = {isa = PBXBuildFile; fileRef = A2145F6A2AEC6CEB00BB9AE3 /* EditProfessorVC.swift */; };
		A2145F6D2AEC6D0A00BB9AE3 /* EditCourseVC.swift in Sources */ = {isa = PBXBuildFile; fileRef = A2145F6C2AEC6D0A00BB9AE3 /* EditCourseVC.swift */; };
		A2145F6F2AEC6D2C00BB9AE3 /* EditStudentVC.swift in Sources */ = {isa = PBXBuildFile; fileRef = A2145F6E2AEC6D2C00BB9AE3 /* EditStudentVC.swift */; };
		A2702C782AF1F961002CDAF7 /* Department+CoreDataClass.swift in Sources */ = {isa = PBXBuildFile; fileRef = A2702C6E2AF1F961002CDAF7 /* Department+CoreDataClass.swift */; };
		A2702C792AF1F961002CDAF7 /* Department+CoreDataProperties.swift in Sources */ = {isa = PBXBuildFile; fileRef = A2702C6F2AF1F961002CDAF7 /* Department+CoreDataProperties.swift */; };
		A2702C7A2AF1F961002CDAF7 /* University+CoreDataClass.swift in Sources */ = {isa = PBXBuildFile; fileRef = A2702C702AF1F961002CDAF7 /* University+CoreDataClass.swift */; };
		A2702C7B2AF1F961002CDAF7 /* University+CoreDataProperties.swift in Sources */ = {isa = PBXBuildFile; fileRef = A2702C712AF1F961002CDAF7 /* University+CoreDataProperties.swift */; };
		A2702C7C2AF1F961002CDAF7 /* Student+CoreDataClass.swift in Sources */ = {isa = PBXBuildFile; fileRef = A2702C722AF1F961002CDAF7 /* Student+CoreDataClass.swift */; };
		A2702C7D2AF1F961002CDAF7 /* Student+CoreDataProperties.swift in Sources */ = {isa = PBXBuildFile; fileRef = A2702C732AF1F961002CDAF7 /* Student+CoreDataProperties.swift */; };
		A2702C7E2AF1F961002CDAF7 /* Course+CoreDataClass.swift in Sources */ = {isa = PBXBuildFile; fileRef = A2702C742AF1F961002CDAF7 /* Course+CoreDataClass.swift */; };
		A2702C7F2AF1F961002CDAF7 /* Course+CoreDataProperties.swift in Sources */ = {isa = PBXBuildFile; fileRef = A2702C752AF1F961002CDAF7 /* Course+CoreDataProperties.swift */; };
		A2702C802AF1F961002CDAF7 /* Professor+CoreDataClass.swift in Sources */ = {isa = PBXBuildFile; fileRef = A2702C762AF1F961002CDAF7 /* Professor+CoreDataClass.swift */; };
		A2702C812AF1F961002CDAF7 /* Professor+CoreDataProperties.swift in Sources */ = {isa = PBXBuildFile; fileRef = A2702C772AF1F961002CDAF7 /* Professor+CoreDataProperties.swift */; };
		A2943CD42AE74F6E00268831 /* DepartmentsListTableVC.swift in Sources */ = {isa = PBXBuildFile; fileRef = A2943CD32AE74F6E00268831 /* DepartmentsListTableVC.swift */; };
		A2943CD62AE74FA200268831 /* ProfessorsListTableVC.swift in Sources */ = {isa = PBXBuildFile; fileRef = A2943CD52AE74FA200268831 /* ProfessorsListTableVC.swift */; };
		A2943CD82AE74FCD00268831 /* CoursesListTableVC.swift in Sources */ = {isa = PBXBuildFile; fileRef = A2943CD72AE74FCD00268831 /* CoursesListTableVC.swift */; };
		A2943CDA2AE74FF600268831 /* StudentsListTableVC.swift in Sources */ = {isa = PBXBuildFile; fileRef = A2943CD92AE74FF600268831 /* StudentsListTableVC.swift */; };
		A2943CDF2AE767E100268831 /* Validation.swift in Sources */ = {isa = PBXBuildFile; fileRef = A2943CDE2AE767E100268831 /* Validation.swift */; };
		A2943CE12AE769AD00268831 /* DataManager.swift in Sources */ = {isa = PBXBuildFile; fileRef = A2943CE02AE769AD00268831 /* DataManager.swift */; };
		A2F516DA2AEB3DFD0028BA30 /* EditUniversityVC.swift in Sources */ = {isa = PBXBuildFile; fileRef = A2F516D92AEB3DFD0028BA30 /* EditUniversityVC.swift */; };
		A2F516DC2AEB67D50028BA30 /* EditDepartmentVC.swift in Sources */ = {isa = PBXBuildFile; fileRef = A2F516DB2AEB67D50028BA30 /* EditDepartmentVC.swift */; };
/* End PBXBuildFile section */

/* Begin PBXFileReference section */
		A205260F2AE9869800591FF4 /* UniversityListTableCell.swift */ = {isa = PBXFileReference; lastKnownFileType = sourcecode.swift; path = UniversityListTableCell.swift; sourceTree = "<group>"; };
		A20526252AE9CC7200591FF4 /* DepartmentsListTableCell.swift */ = {isa = PBXFileReference; lastKnownFileType = sourcecode.swift; path = DepartmentsListTableCell.swift; sourceTree = "<group>"; };
		A20526272AE9CC9B00591FF4 /* ProfessorsListTableCell.swift */ = {isa = PBXFileReference; lastKnownFileType = sourcecode.swift; path = ProfessorsListTableCell.swift; sourceTree = "<group>"; };
		A20526292AE9CCD200591FF4 /* CoursesListTableCell.swift */ = {isa = PBXFileReference; lastKnownFileType = sourcecode.swift; path = CoursesListTableCell.swift; sourceTree = "<group>"; };
		A205262B2AE9CD3600591FF4 /* StudentsListTableCell.swift */ = {isa = PBXFileReference; lastKnownFileType = sourcecode.swift; path = StudentsListTableCell.swift; sourceTree = "<group>"; };
		A20989DD2AE6A58500FD7C2A /* Academia.app */ = {isa = PBXFileReference; explicitFileType = wrapper.application; includeInIndex = 0; path = Academia.app; sourceTree = BUILT_PRODUCTS_DIR; };
		A20989E02AE6A58500FD7C2A /* AppDelegate.swift */ = {isa = PBXFileReference; lastKnownFileType = sourcecode.swift; path = AppDelegate.swift; sourceTree = "<group>"; };
		A20989E22AE6A58500FD7C2A /* SceneDelegate.swift */ = {isa = PBXFileReference; lastKnownFileType = sourcecode.swift; path = SceneDelegate.swift; sourceTree = "<group>"; };
		A20989E42AE6A58500FD7C2A /* UniversityVC.swift */ = {isa = PBXFileReference; lastKnownFileType = sourcecode.swift; path = UniversityVC.swift; sourceTree = "<group>"; };
		A20989E72AE6A58500FD7C2A /* Base */ = {isa = PBXFileReference; lastKnownFileType = file.storyboard; name = Base; path = Base.lproj/Main.storyboard; sourceTree = "<group>"; };
		A20989EA2AE6A58500FD7C2A /* Academia.xcdatamodel */ = {isa = PBXFileReference; lastKnownFileType = wrapper.xcdatamodel; path = Academia.xcdatamodel; sourceTree = "<group>"; };
		A20989EC2AE6A58700FD7C2A /* Assets.xcassets */ = {isa = PBXFileReference; lastKnownFileType = folder.assetcatalog; path = Assets.xcassets; sourceTree = "<group>"; };
		A20989EF2AE6A58700FD7C2A /* Base */ = {isa = PBXFileReference; lastKnownFileType = file.storyboard; name = Base; path = Base.lproj/LaunchScreen.storyboard; sourceTree = "<group>"; };
		A20989F12AE6A58700FD7C2A /* Info.plist */ = {isa = PBXFileReference; lastKnownFileType = text.plist.xml; path = Info.plist; sourceTree = "<group>"; };
		A20989FC2AE6A9AE00FD7C2A /* DepartmentsVC.swift */ = {isa = PBXFileReference; lastKnownFileType = sourcecode.swift; path = DepartmentsVC.swift; sourceTree = "<group>"; };
		A20989FE2AE6A9DB00FD7C2A /* ProfessorsVC.swift */ = {isa = PBXFileReference; lastKnownFileType = sourcecode.swift; path = ProfessorsVC.swift; sourceTree = "<group>"; };
		A2098A002AE6AA2400FD7C2A /* CoursesVC.swift */ = {isa = PBXFileReference; lastKnownFileType = sourcecode.swift; path = CoursesVC.swift; sourceTree = "<group>"; };
		A2098A022AE6AA5800FD7C2A /* StudentsVC.swift */ = {isa = PBXFileReference; lastKnownFileType = sourcecode.swift; path = StudentsVC.swift; sourceTree = "<group>"; };
		A2098A052AE6AEC300FD7C2A /* UniversityListTableVC.swift */ = {isa = PBXFileReference; lastKnownFileType = sourcecode.swift; path = UniversityListTableVC.swift; sourceTree = "<group>"; };
		A2145F6A2AEC6CEB00BB9AE3 /* EditProfessorVC.swift */ = {isa = PBXFileReference; lastKnownFileType = sourcecode.swift; path = EditProfessorVC.swift; sourceTree = "<group>"; };
		A2145F6C2AEC6D0A00BB9AE3 /* EditCourseVC.swift */ = {isa = PBXFileReference; lastKnownFileType = sourcecode.swift; path = EditCourseVC.swift; sourceTree = "<group>"; };
		A2145F6E2AEC6D2C00BB9AE3 /* EditStudentVC.swift */ = {isa = PBXFileReference; lastKnownFileType = sourcecode.swift; path = EditStudentVC.swift; sourceTree = "<group>"; };
		A2702C6E2AF1F961002CDAF7 /* Department+CoreDataClass.swift */ = {isa = PBXFileReference; lastKnownFileType = sourcecode.swift; path = "Department+CoreDataClass.swift"; sourceTree = "<group>"; };
		A2702C6F2AF1F961002CDAF7 /* Department+CoreDataProperties.swift */ = {isa = PBXFileReference; lastKnownFileType = sourcecode.swift; path = "Department+CoreDataProperties.swift"; sourceTree = "<group>"; };
		A2702C702AF1F961002CDAF7 /* University+CoreDataClass.swift */ = {isa = PBXFileReference; lastKnownFileType = sourcecode.swift; path = "University+CoreDataClass.swift"; sourceTree = "<group>"; };
		A2702C712AF1F961002CDAF7 /* University+CoreDataProperties.swift */ = {isa = PBXFileReference; lastKnownFileType = sourcecode.swift; path = "University+CoreDataProperties.swift"; sourceTree = "<group>"; };
		A2702C722AF1F961002CDAF7 /* Student+CoreDataClass.swift */ = {isa = PBXFileReference; lastKnownFileType = sourcecode.swift; path = "Student+CoreDataClass.swift"; sourceTree = "<group>"; };
		A2702C732AF1F961002CDAF7 /* Student+CoreDataProperties.swift */ = {isa = PBXFileReference; lastKnownFileType = sourcecode.swift; path = "Student+CoreDataProperties.swift"; sourceTree = "<group>"; };
		A2702C742AF1F961002CDAF7 /* Course+CoreDataClass.swift */ = {isa = PBXFileReference; lastKnownFileType = sourcecode.swift; path = "Course+CoreDataClass.swift"; sourceTree = "<group>"; };
		A2702C752AF1F961002CDAF7 /* Course+CoreDataProperties.swift */ = {isa = PBXFileReference; lastKnownFileType = sourcecode.swift; name = "Course+CoreDataProperties.swift"; path = "../../Course+CoreDataProperties.swift"; sourceTree = "<group>"; };
		A2702C762AF1F961002CDAF7 /* Professor+CoreDataClass.swift */ = {isa = PBXFileReference; lastKnownFileType = sourcecode.swift; path = "Professor+CoreDataClass.swift"; sourceTree = "<group>"; };
		A2702C772AF1F961002CDAF7 /* Professor+CoreDataProperties.swift */ = {isa = PBXFileReference; lastKnownFileType = sourcecode.swift; path = "Professor+CoreDataProperties.swift"; sourceTree = "<group>"; };
		A2943CD32AE74F6E00268831 /* DepartmentsListTableVC.swift */ = {isa = PBXFileReference; lastKnownFileType = sourcecode.swift; path = DepartmentsListTableVC.swift; sourceTree = "<group>"; };
		A2943CD52AE74FA200268831 /* ProfessorsListTableVC.swift */ = {isa = PBXFileReference; lastKnownFileType = sourcecode.swift; path = ProfessorsListTableVC.swift; sourceTree = "<group>"; };
		A2943CD72AE74FCD00268831 /* CoursesListTableVC.swift */ = {isa = PBXFileReference; lastKnownFileType = sourcecode.swift; path = CoursesListTableVC.swift; sourceTree = "<group>"; };
		A2943CD92AE74FF600268831 /* StudentsListTableVC.swift */ = {isa = PBXFileReference; lastKnownFileType = sourcecode.swift; path = StudentsListTableVC.swift; sourceTree = "<group>"; };
		A2943CDE2AE767E100268831 /* Validation.swift */ = {isa = PBXFileReference; lastKnownFileType = sourcecode.swift; path = Validation.swift; sourceTree = "<group>"; };
		A2943CE02AE769AD00268831 /* DataManager.swift */ = {isa = PBXFileReference; lastKnownFileType = sourcecode.swift; path = DataManager.swift; sourceTree = "<group>"; };
		A2F516D92AEB3DFD0028BA30 /* EditUniversityVC.swift */ = {isa = PBXFileReference; lastKnownFileType = sourcecode.swift; path = EditUniversityVC.swift; sourceTree = "<group>"; };
		A2F516DB2AEB67D50028BA30 /* EditDepartmentVC.swift */ = {isa = PBXFileReference; lastKnownFileType = sourcecode.swift; path = EditDepartmentVC.swift; sourceTree = "<group>"; };
/* End PBXFileReference section */

/* Begin PBXFrameworksBuildPhase section */
		A20989DA2AE6A58500FD7C2A /* Frameworks */ = {
			isa = PBXFrameworksBuildPhase;
			buildActionMask = 2147483647;
			files = (
			);
			runOnlyForDeploymentPostprocessing = 0;
		};
/* End PBXFrameworksBuildPhase section */

/* Begin PBXGroup section */
		A20989D42AE6A58500FD7C2A = {
			isa = PBXGroup;
			children = (
				A20989DF2AE6A58500FD7C2A /* Academia */,
				A20989DE2AE6A58500FD7C2A /* Products */,
			);
			sourceTree = "<group>";
		};
		A20989DE2AE6A58500FD7C2A /* Products */ = {
			isa = PBXGroup;
			children = (
				A20989DD2AE6A58500FD7C2A /* Academia.app */,
			);
			name = Products;
			sourceTree = "<group>";
		};
		A20989DF2AE6A58500FD7C2A /* Academia */ = {
			isa = PBXGroup;
			children = (
				A2943CDD2AE767BC00268831 /* DataManager */,
				A2943CDC2AE7679200268831 /* ValidationManager */,
				A2943CDB2AE7678800268831 /* DataModel */,
				A20989F72AE6A8AC00FD7C2A /* University */,
				A2098A042AE6AA7500FD7C2A /* Storyboard */,
				A20989E92AE6A58500FD7C2A /* Academia.xcdatamodeld */,
				A20989F12AE6A58700FD7C2A /* Info.plist */,
				A20989EC2AE6A58700FD7C2A /* Assets.xcassets */,
				A20989EE2AE6A58700FD7C2A /* LaunchScreen.storyboard */,
				A20989E02AE6A58500FD7C2A /* AppDelegate.swift */,
				A20989E22AE6A58500FD7C2A /* SceneDelegate.swift */,
			);
			path = Academia;
			sourceTree = "<group>";
		};
		A20989F72AE6A8AC00FD7C2A /* University */ = {
			isa = PBXGroup;
			children = (
				A20989E42AE6A58500FD7C2A /* UniversityVC.swift */,
				A2098A052AE6AEC300FD7C2A /* UniversityListTableVC.swift */,
				A205260F2AE9869800591FF4 /* UniversityListTableCell.swift */,
				A2F516D92AEB3DFD0028BA30 /* EditUniversityVC.swift */,
				A20989F92AE6A8DE00FD7C2A /* Departments */,
			);
			path = University;
			sourceTree = "<group>";
		};
		A20989F82AE6A8C500FD7C2A /* Professors */ = {
			isa = PBXGroup;
			children = (
				A20989FE2AE6A9DB00FD7C2A /* ProfessorsVC.swift */,
				A2943CD52AE74FA200268831 /* ProfessorsListTableVC.swift */,
				A20526272AE9CC9B00591FF4 /* ProfessorsListTableCell.swift */,
				A2145F6A2AEC6CEB00BB9AE3 /* EditProfessorVC.swift */,
			);
			path = Professors;
			sourceTree = "<group>";
		};
		A20989F92AE6A8DE00FD7C2A /* Departments */ = {
			isa = PBXGroup;
			children = (
				A20989FC2AE6A9AE00FD7C2A /* DepartmentsVC.swift */,
				A2943CD32AE74F6E00268831 /* DepartmentsListTableVC.swift */,
				A20526252AE9CC7200591FF4 /* DepartmentsListTableCell.swift */,
				A2F516DB2AEB67D50028BA30 /* EditDepartmentVC.swift */,
				A20989F82AE6A8C500FD7C2A /* Professors */,
				A20989FA2AE6A8F600FD7C2A /* Courses */,
			);
			path = Departments;
			sourceTree = "<group>";
		};
		A20989FA2AE6A8F600FD7C2A /* Courses */ = {
			isa = PBXGroup;
			children = (
				A2098A002AE6AA2400FD7C2A /* CoursesVC.swift */,
				A2943CD72AE74FCD00268831 /* CoursesListTableVC.swift */,
				A20526292AE9CCD200591FF4 /* CoursesListTableCell.swift */,
				A2145F6C2AEC6D0A00BB9AE3 /* EditCourseVC.swift */,
				A20989FB2AE6A90900FD7C2A /* Students */,
			);
			path = Courses;
			sourceTree = "<group>";
		};
		A20989FB2AE6A90900FD7C2A /* Students */ = {
			isa = PBXGroup;
			children = (
				A2098A022AE6AA5800FD7C2A /* StudentsVC.swift */,
				A2943CD92AE74FF600268831 /* StudentsListTableVC.swift */,
				A205262B2AE9CD3600591FF4 /* StudentsListTableCell.swift */,
				A2145F6E2AEC6D2C00BB9AE3 /* EditStudentVC.swift */,
			);
			path = Students;
			sourceTree = "<group>";
		};
		A2098A042AE6AA7500FD7C2A /* Storyboard */ = {
			isa = PBXGroup;
			children = (
				A20989E62AE6A58500FD7C2A /* Main.storyboard */,
			);
			path = Storyboard;
			sourceTree = "<group>";
		};
		A2943CDB2AE7678800268831 /* DataModel */ = {
			isa = PBXGroup;
			children = (
				A2702C6E2AF1F961002CDAF7 /* Department+CoreDataClass.swift */,
				A2702C6F2AF1F961002CDAF7 /* Department+CoreDataProperties.swift */,
				A2702C702AF1F961002CDAF7 /* University+CoreDataClass.swift */,
				A2702C712AF1F961002CDAF7 /* University+CoreDataProperties.swift */,
				A2702C722AF1F961002CDAF7 /* Student+CoreDataClass.swift */,
				A2702C732AF1F961002CDAF7 /* Student+CoreDataProperties.swift */,
				A2702C742AF1F961002CDAF7 /* Course+CoreDataClass.swift */,
				A2702C752AF1F961002CDAF7 /* Course+CoreDataProperties.swift */,
				A2702C762AF1F961002CDAF7 /* Professor+CoreDataClass.swift */,
				A2702C772AF1F961002CDAF7 /* Professor+CoreDataProperties.swift */,
			);
			path = DataModel;
			sourceTree = "<group>";
		};
		A2943CDC2AE7679200268831 /* ValidationManager */ = {
			isa = PBXGroup;
			children = (
				A2943CDE2AE767E100268831 /* Validation.swift */,
			);
			path = ValidationManager;
			sourceTree = "<group>";
		};
		A2943CDD2AE767BC00268831 /* DataManager */ = {
			isa = PBXGroup;
			children = (
				A2943CE02AE769AD00268831 /* DataManager.swift */,
			);
			path = DataManager;
			sourceTree = "<group>";
		};
/* End PBXGroup section */

/* Begin PBXNativeTarget section */
		A20989DC2AE6A58500FD7C2A /* Academia */ = {
			isa = PBXNativeTarget;
			buildConfigurationList = A20989F42AE6A58700FD7C2A /* Build configuration list for PBXNativeTarget "Academia" */;
			buildPhases = (
				A20989D92AE6A58500FD7C2A /* Sources */,
				A20989DA2AE6A58500FD7C2A /* Frameworks */,
				A20989DB2AE6A58500FD7C2A /* Resources */,
			);
			buildRules = (
			);
			dependencies = (
			);
			name = Academia;
			productName = Academia;
			productReference = A20989DD2AE6A58500FD7C2A /* Academia.app */;
			productType = "com.apple.product-type.application";
		};
/* End PBXNativeTarget section */

/* Begin PBXProject section */
		A20989D52AE6A58500FD7C2A /* Project object */ = {
			isa = PBXProject;
			attributes = {
				BuildIndependentTargetsInParallel = 1;
				LastSwiftUpdateCheck = 1500;
				LastUpgradeCheck = 1500;
				TargetAttributes = {
					A20989DC2AE6A58500FD7C2A = {
						CreatedOnToolsVersion = 15.0.1;
					};
				};
			};
			buildConfigurationList = A20989D82AE6A58500FD7C2A /* Build configuration list for PBXProject "Academia" */;
			compatibilityVersion = "Xcode 14.0";
			developmentRegion = en;
			hasScannedForEncodings = 0;
			knownRegions = (
				en,
				Base,
			);
			mainGroup = A20989D42AE6A58500FD7C2A;
			productRefGroup = A20989DE2AE6A58500FD7C2A /* Products */;
			projectDirPath = "";
			projectRoot = "";
			targets = (
				A20989DC2AE6A58500FD7C2A /* Academia */,
			);
		};
/* End PBXProject section */

/* Begin PBXResourcesBuildPhase section */
		A20989DB2AE6A58500FD7C2A /* Resources */ = {
			isa = PBXResourcesBuildPhase;
			buildActionMask = 2147483647;
			files = (
				A20989F02AE6A58700FD7C2A /* LaunchScreen.storyboard in Resources */,
				A20989ED2AE6A58700FD7C2A /* Assets.xcassets in Resources */,
				A20989E82AE6A58500FD7C2A /* Main.storyboard in Resources */,
			);
			runOnlyForDeploymentPostprocessing = 0;
		};
/* End PBXResourcesBuildPhase section */

/* Begin PBXSourcesBuildPhase section */
		A20989D92AE6A58500FD7C2A /* Sources */ = {
			isa = PBXSourcesBuildPhase;
			buildActionMask = 2147483647;
			files = (
				A20526102AE9869800591FF4 /* UniversityListTableCell.swift in Sources */,
				A2702C782AF1F961002CDAF7 /* Department+CoreDataClass.swift in Sources */,
				A2943CD82AE74FCD00268831 /* CoursesListTableVC.swift in Sources */,
				A2F516DA2AEB3DFD0028BA30 /* EditUniversityVC.swift in Sources */,
				A2943CE12AE769AD00268831 /* DataManager.swift in Sources */,
				A2F516DC2AEB67D50028BA30 /* EditDepartmentVC.swift in Sources */,
				A2145F6D2AEC6D0A00BB9AE3 /* EditCourseVC.swift in Sources */,
				A2702C7A2AF1F961002CDAF7 /* University+CoreDataClass.swift in Sources */,
				A2145F6B2AEC6CEB00BB9AE3 /* EditProfessorVC.swift in Sources */,
				A205262A2AE9CCD200591FF4 /* CoursesListTableCell.swift in Sources */,
				A2702C7E2AF1F961002CDAF7 /* Course+CoreDataClass.swift in Sources */,
				A2702C7D2AF1F961002CDAF7 /* Student+CoreDataProperties.swift in Sources */,
				A2943CDA2AE74FF600268831 /* StudentsListTableVC.swift in Sources */,
				A20989E52AE6A58500FD7C2A /* UniversityVC.swift in Sources */,
				A20989E12AE6A58500FD7C2A /* AppDelegate.swift in Sources */,
				A2098A012AE6AA2400FD7C2A /* CoursesVC.swift in Sources */,
				A2098A062AE6AEC300FD7C2A /* UniversityListTableVC.swift in Sources */,
				A2943CDF2AE767E100268831 /* Validation.swift in Sources */,
				A20526262AE9CC7200591FF4 /* DepartmentsListTableCell.swift in Sources */,
				A20989EB2AE6A58500FD7C2A /* Academia.xcdatamodeld in Sources */,
				A2145F6F2AEC6D2C00BB9AE3 /* EditStudentVC.swift in Sources */,
				A2702C7C2AF1F961002CDAF7 /* Student+CoreDataClass.swift in Sources */,
				A2943CD42AE74F6E00268831 /* DepartmentsListTableVC.swift in Sources */,
				A2702C812AF1F961002CDAF7 /* Professor+CoreDataProperties.swift in Sources */,
				A20526282AE9CC9B00591FF4 /* ProfessorsListTableCell.swift in Sources */,
				A20989E32AE6A58500FD7C2A /* SceneDelegate.swift in Sources */,
				A2943CD62AE74FA200268831 /* ProfessorsListTableVC.swift in Sources */,
				A2702C792AF1F961002CDAF7 /* Department+CoreDataProperties.swift in Sources */,
				A2702C802AF1F961002CDAF7 /* Professor+CoreDataClass.swift in Sources */,
				A20989FF2AE6A9DB00FD7C2A /* ProfessorsVC.swift in Sources */,
				A2702C7F2AF1F961002CDAF7 /* Course+CoreDataProperties.swift in Sources */,
				A2702C7B2AF1F961002CDAF7 /* University+CoreDataProperties.swift in Sources */,
				A205262C2AE9CD3600591FF4 /* StudentsListTableCell.swift in Sources */,
				A2098A032AE6AA5800FD7C2A /* StudentsVC.swift in Sources */,
				A20989FD2AE6A9AE00FD7C2A /* DepartmentsVC.swift in Sources */,
			);
			runOnlyForDeploymentPostprocessing = 0;
		};
/* End PBXSourcesBuildPhase section */

/* Begin PBXVariantGroup section */
		A20989E62AE6A58500FD7C2A /* Main.storyboard */ = {
			isa = PBXVariantGroup;
			children = (
				A20989E72AE6A58500FD7C2A /* Base */,
			);
			name = Main.storyboard;
			sourceTree = "<group>";
		};
		A20989EE2AE6A58700FD7C2A /* LaunchScreen.storyboard */ = {
			isa = PBXVariantGroup;
			children = (
				A20989EF2AE6A58700FD7C2A /* Base */,
			);
			name = LaunchScreen.storyboard;
			sourceTree = "<group>";
		};
/* End PBXVariantGroup section */

/* Begin XCBuildConfiguration section */
		A20989F22AE6A58700FD7C2A /* Debug */ = {
			isa = XCBuildConfiguration;
			buildSettings = {
				ALWAYS_SEARCH_USER_PATHS = NO;
				ASSETCATALOG_COMPILER_GENERATE_SWIFT_ASSET_SYMBOL_EXTENSIONS = YES;
				CLANG_ANALYZER_NONNULL = YES;
				CLANG_ANALYZER_NUMBER_OBJECT_CONVERSION = YES_AGGRESSIVE;
				CLANG_CXX_LANGUAGE_STANDARD = "gnu++20";
				CLANG_ENABLE_MODULES = YES;
				CLANG_ENABLE_OBJC_ARC = YES;
				CLANG_ENABLE_OBJC_WEAK = YES;
				CLANG_WARN_BLOCK_CAPTURE_AUTORELEASING = YES;
				CLANG_WARN_BOOL_CONVERSION = YES;
				CLANG_WARN_COMMA = YES;
				CLANG_WARN_CONSTANT_CONVERSION = YES;
				CLANG_WARN_DEPRECATED_OBJC_IMPLEMENTATIONS = YES;
				CLANG_WARN_DIRECT_OBJC_ISA_USAGE = YES_ERROR;
				CLANG_WARN_DOCUMENTATION_COMMENTS = YES;
				CLANG_WARN_EMPTY_BODY = YES;
				CLANG_WARN_ENUM_CONVERSION = YES;
				CLANG_WARN_INFINITE_RECURSION = YES;
				CLANG_WARN_INT_CONVERSION = YES;
				CLANG_WARN_NON_LITERAL_NULL_CONVERSION = YES;
				CLANG_WARN_OBJC_IMPLICIT_RETAIN_SELF = YES;
				CLANG_WARN_OBJC_LITERAL_CONVERSION = YES;
				CLANG_WARN_OBJC_ROOT_CLASS = YES_ERROR;
				CLANG_WARN_QUOTED_INCLUDE_IN_FRAMEWORK_HEADER = YES;
				CLANG_WARN_RANGE_LOOP_ANALYSIS = YES;
				CLANG_WARN_STRICT_PROTOTYPES = YES;
				CLANG_WARN_SUSPICIOUS_MOVE = YES;
				CLANG_WARN_UNGUARDED_AVAILABILITY = YES_AGGRESSIVE;
				CLANG_WARN_UNREACHABLE_CODE = YES;
				CLANG_WARN__DUPLICATE_METHOD_MATCH = YES;
				COPY_PHASE_STRIP = NO;
				DEBUG_INFORMATION_FORMAT = dwarf;
				ENABLE_STRICT_OBJC_MSGSEND = YES;
				ENABLE_TESTABILITY = YES;
				ENABLE_USER_SCRIPT_SANDBOXING = YES;
				GCC_C_LANGUAGE_STANDARD = gnu17;
				GCC_DYNAMIC_NO_PIC = NO;
				GCC_NO_COMMON_BLOCKS = YES;
				GCC_OPTIMIZATION_LEVEL = 0;
				GCC_PREPROCESSOR_DEFINITIONS = (
					"DEBUG=1",
					"$(inherited)",
				);
				GCC_WARN_64_TO_32_BIT_CONVERSION = YES;
				GCC_WARN_ABOUT_RETURN_TYPE = YES_ERROR;
				GCC_WARN_UNDECLARED_SELECTOR = YES;
				GCC_WARN_UNINITIALIZED_AUTOS = YES_AGGRESSIVE;
				GCC_WARN_UNUSED_FUNCTION = YES;
				GCC_WARN_UNUSED_VARIABLE = YES;
				IPHONEOS_DEPLOYMENT_TARGET = 17.0;
				LOCALIZATION_PREFERS_STRING_CATALOGS = YES;
				MTL_ENABLE_DEBUG_INFO = INCLUDE_SOURCE;
				MTL_FAST_MATH = YES;
				ONLY_ACTIVE_ARCH = YES;
				SDKROOT = iphoneos;
				SWIFT_ACTIVE_COMPILATION_CONDITIONS = "DEBUG $(inherited)";
				SWIFT_OPTIMIZATION_LEVEL = "-Onone";
			};
			name = Debug;
		};
		A20989F32AE6A58700FD7C2A /* Release */ = {
			isa = XCBuildConfiguration;
			buildSettings = {
				ALWAYS_SEARCH_USER_PATHS = NO;
				ASSETCATALOG_COMPILER_GENERATE_SWIFT_ASSET_SYMBOL_EXTENSIONS = YES;
				CLANG_ANALYZER_NONNULL = YES;
				CLANG_ANALYZER_NUMBER_OBJECT_CONVERSION = YES_AGGRESSIVE;
				CLANG_CXX_LANGUAGE_STANDARD = "gnu++20";
				CLANG_ENABLE_MODULES = YES;
				CLANG_ENABLE_OBJC_ARC = YES;
				CLANG_ENABLE_OBJC_WEAK = YES;
				CLANG_WARN_BLOCK_CAPTURE_AUTORELEASING = YES;
				CLANG_WARN_BOOL_CONVERSION = YES;
				CLANG_WARN_COMMA = YES;
				CLANG_WARN_CONSTANT_CONVERSION = YES;
				CLANG_WARN_DEPRECATED_OBJC_IMPLEMENTATIONS = YES;
				CLANG_WARN_DIRECT_OBJC_ISA_USAGE = YES_ERROR;
				CLANG_WARN_DOCUMENTATION_COMMENTS = YES;
				CLANG_WARN_EMPTY_BODY = YES;
				CLANG_WARN_ENUM_CONVERSION = YES;
				CLANG_WARN_INFINITE_RECURSION = YES;
				CLANG_WARN_INT_CONVERSION = YES;
				CLANG_WARN_NON_LITERAL_NULL_CONVERSION = YES;
				CLANG_WARN_OBJC_IMPLICIT_RETAIN_SELF = YES;
				CLANG_WARN_OBJC_LITERAL_CONVERSION = YES;
				CLANG_WARN_OBJC_ROOT_CLASS = YES_ERROR;
				CLANG_WARN_QUOTED_INCLUDE_IN_FRAMEWORK_HEADER = YES;
				CLANG_WARN_RANGE_LOOP_ANALYSIS = YES;
				CLANG_WARN_STRICT_PROTOTYPES = YES;
				CLANG_WARN_SUSPICIOUS_MOVE = YES;
				CLANG_WARN_UNGUARDED_AVAILABILITY = YES_AGGRESSIVE;
				CLANG_WARN_UNREACHABLE_CODE = YES;
				CLANG_WARN__DUPLICATE_METHOD_MATCH = YES;
				COPY_PHASE_STRIP = NO;
				DEBUG_INFORMATION_FORMAT = "dwarf-with-dsym";
				ENABLE_NS_ASSERTIONS = NO;
				ENABLE_STRICT_OBJC_MSGSEND = YES;
				ENABLE_USER_SCRIPT_SANDBOXING = YES;
				GCC_C_LANGUAGE_STANDARD = gnu17;
				GCC_NO_COMMON_BLOCKS = YES;
				GCC_WARN_64_TO_32_BIT_CONVERSION = YES;
				GCC_WARN_ABOUT_RETURN_TYPE = YES_ERROR;
				GCC_WARN_UNDECLARED_SELECTOR = YES;
				GCC_WARN_UNINITIALIZED_AUTOS = YES_AGGRESSIVE;
				GCC_WARN_UNUSED_FUNCTION = YES;
				GCC_WARN_UNUSED_VARIABLE = YES;
				IPHONEOS_DEPLOYMENT_TARGET = 17.0;
				LOCALIZATION_PREFERS_STRING_CATALOGS = YES;
				MTL_ENABLE_DEBUG_INFO = NO;
				MTL_FAST_MATH = YES;
				SDKROOT = iphoneos;
				SWIFT_COMPILATION_MODE = wholemodule;
				VALIDATE_PRODUCT = YES;
			};
			name = Release;
		};
		A20989F52AE6A58700FD7C2A /* Debug */ = {
			isa = XCBuildConfiguration;
			buildSettings = {
				ASSETCATALOG_COMPILER_APPICON_NAME = AppIcon;
				ASSETCATALOG_COMPILER_GLOBAL_ACCENT_COLOR_NAME = AccentColor;
				CODE_SIGN_STYLE = Automatic;
				CURRENT_PROJECT_VERSION = 1;
				DEVELOPMENT_TEAM = AJ6UG629X6;
				GENERATE_INFOPLIST_FILE = YES;
				INFOPLIST_FILE = Academia/Info.plist;
				INFOPLIST_KEY_UIApplicationSupportsIndirectInputEvents = YES;
				INFOPLIST_KEY_UILaunchStoryboardName = LaunchScreen;
				INFOPLIST_KEY_UIMainStoryboardFile = Main;
				INFOPLIST_KEY_UISupportedInterfaceOrientations_iPad = "UIInterfaceOrientationPortrait UIInterfaceOrientationPortraitUpsideDown UIInterfaceOrientationLandscapeLeft UIInterfaceOrientationLandscapeRight";
				INFOPLIST_KEY_UISupportedInterfaceOrientations_iPhone = "UIInterfaceOrientationPortrait UIInterfaceOrientationLandscapeLeft UIInterfaceOrientationLandscapeRight";
				LD_RUNPATH_SEARCH_PATHS = (
					"$(inherited)",
					"@executable_path/Frameworks",
				);
				MARKETING_VERSION = 1.0;
				PRODUCT_BUNDLE_IDENTIFIER = com.singhinamerica.Academia;
				PRODUCT_NAME = "$(TARGET_NAME)";
				SWIFT_EMIT_LOC_STRINGS = YES;
				SWIFT_VERSION = 5.0;
				TARGETED_DEVICE_FAMILY = "1,2";
			};
			name = Debug;
		};
		A20989F62AE6A58700FD7C2A /* Release */ = {
			isa = XCBuildConfiguration;
			buildSettings = {
				ASSETCATALOG_COMPILER_APPICON_NAME = AppIcon;
				ASSETCATALOG_COMPILER_GLOBAL_ACCENT_COLOR_NAME = AccentColor;
				CODE_SIGN_STYLE = Automatic;
				CURRENT_PROJECT_VERSION = 1;
				DEVELOPMENT_TEAM = AJ6UG629X6;
				GENERATE_INFOPLIST_FILE = YES;
				INFOPLIST_FILE = Academia/Info.plist;
				INFOPLIST_KEY_UIApplicationSupportsIndirectInputEvents = YES;
				INFOPLIST_KEY_UILaunchStoryboardName = LaunchScreen;
				INFOPLIST_KEY_UIMainStoryboardFile = Main;
				INFOPLIST_KEY_UISupportedInterfaceOrientations_iPad = "UIInterfaceOrientationPortrait UIInterfaceOrientationPortraitUpsideDown UIInterfaceOrientationLandscapeLeft UIInterfaceOrientationLandscapeRight";
				INFOPLIST_KEY_UISupportedInterfaceOrientations_iPhone = "UIInterfaceOrientationPortrait UIInterfaceOrientationLandscapeLeft UIInterfaceOrientationLandscapeRight";
				LD_RUNPATH_SEARCH_PATHS = (
					"$(inherited)",
					"@executable_path/Frameworks",
				);
				MARKETING_VERSION = 1.0;
				PRODUCT_BUNDLE_IDENTIFIER = com.singhinamerica.Academia;
				PRODUCT_NAME = "$(TARGET_NAME)";
				SWIFT_EMIT_LOC_STRINGS = YES;
				SWIFT_VERSION = 5.0;
				TARGETED_DEVICE_FAMILY = "1,2";
			};
			name = Release;
		};
/* End XCBuildConfiguration section */

/* Begin XCConfigurationList section */
		A20989D82AE6A58500FD7C2A /* Build configuration list for PBXProject "Academia" */ = {
			isa = XCConfigurationList;
			buildConfigurations = (
				A20989F22AE6A58700FD7C2A /* Debug */,
				A20989F32AE6A58700FD7C2A /* Release */,
			);
			defaultConfigurationIsVisible = 0;
			defaultConfigurationName = Release;
		};
		A20989F42AE6A58700FD7C2A /* Build configuration list for PBXNativeTarget "Academia" */ = {
			isa = XCConfigurationList;
			buildConfigurations = (
				A20989F52AE6A58700FD7C2A /* Debug */,
				A20989F62AE6A58700FD7C2A /* Release */,
			);
			defaultConfigurationIsVisible = 0;
			defaultConfigurationName = Release;
		};
/* End XCConfigurationList section */

/* Begin XCVersionGroup section */
		A20989E92AE6A58500FD7C2A /* Academia.xcdatamodeld */ = {
			isa = XCVersionGroup;
			children = (
				A20989EA2AE6A58500FD7C2A /* Academia.xcdatamodel */,
			);
			currentVersion = A20989EA2AE6A58500FD7C2A /* Academia.xcdatamodel */;
			path = Academia.xcdatamodeld;
			sourceTree = "<group>";
			versionGroupType = wrapper.xcdatamodel;
		};
/* End XCVersionGroup section */
	};
	rootObject = A20989D52AE6A58500FD7C2A /* Project object */;
}
